
Microsoft Visual Studio Solution File, Format Version 12.00
# Visual Studio Version 16
VisualStudioVersion = 16.0.810.25
MinimumVisualStudioVersion = 10.0.40219.1
Project("{FAE04EC0-301F-11D3-BF4B-00C04F79EFBC}") = "MartinRetailGroupCodingChallenge.Server", "MartinRetailGroupCodingChallenge\Server\MartinRetailGroupCodingChallenge.Server.csproj", "{3CDCC95B-5395-4C6D-97FF-40EC6E477368}"
EndProject
Project("{FAE04EC0-301F-11D3-BF4B-00C04F79EFBC}") = "MartinRetailGroupCodingChallenge.Client", "MartinRetailGroupCodingChallenge\Client\MartinRetailGroupCodingChallenge.Client.csproj", "{50B57693-EF60-436F-8239-E79C1EDF10F6}"
EndProject
Project("{FAE04EC0-301F-11D3-BF4B-00C04F79EFBC}") = "MartinRetailGroupCodingChallenge.Shared", "MartinRetailGroupCodingChallenge\Shared\MartinRetailGroupCodingChallenge.Shared.csproj", "{522A59D1-611C-4FB3-94D3-0253FF6844A7}"
EndProject
Global
	GlobalSection(SolutionConfigurationPlatforms) = preSolution
		Debug|Any CPU = Debug|Any CPU
		Release|Any CPU = Release|Any CPU
	EndGlobalSection
	GlobalSection(ProjectConfigurationPlatforms) = postSolution
		{3CDCC95B-5395-4C6D-97FF-40EC6E477368}.Debug|Any CPU.ActiveCfg = Debug|Any CPU
		{3CDCC95B-5395-4C6D-97FF-40EC6E477368}.Debug|Any CPU.Build.0 = Debug|Any CPU
		{3CDCC95B-5395-4C6D-97FF-40EC6E477368}.Release|Any CPU.ActiveCfg = Release|Any CPU
		{3CDCC95B-5395-4C6D-97FF-40EC6E477368}.Release|Any CPU.Build.0 = Release|Any CPU
		{50B57693-EF60-436F-8239-E79C1EDF10F6}.Debug|Any CPU.ActiveCfg = Debug|Any CPU
		{50B57693-EF60-436F-8239-E79C1EDF10F6}.Debug|Any CPU.Build.0 = Debug|Any CPU
		{50B57693-EF60-436F-8239-E79C1EDF10F6}.Release|Any CPU.ActiveCfg = Release|Any CPU
		{50B57693-EF60-436F-8239-E79C1EDF10F6}.Release|Any CPU.Build.0 = Release|Any CPU
		{522A59D1-611C-4FB3-94D3-0253FF6844A7}.Debug|Any CPU.ActiveCfg = Debug|Any CPU
		{522A59D1-611C-4FB3-94D3-0253FF6844A7}.Debug|Any CPU.Build.0 = Debug|Any CPU
		{522A59D1-611C-4FB3-94D3-0253FF6844A7}.Release|Any CPU.ActiveCfg = Release|Any CPU
		{522A59D1-611C-4FB3-94D3-0253FF6844A7}.Release|Any CPU.Build.0 = Release|Any CPU
	EndGlobalSection
	GlobalSection(SolutionProperties) = preSolution
		HideSolutionNode = FALSE
	EndGlobalSection
	GlobalSection(ExtensibilityGlobals) = postSolution
		SolutionGuid = {AB418EE9-5278-4B9E-9204-297F2271E586}
	EndGlobalSection
EndGlobal
